// !$*UTF8*$!
{
	archiveVersion = 1;
	classes = {
	};
	objectVersion = 56;
	objects = {

/* Begin PBXBuildFile section */
		EC0A9CE9299E39D20019EF31 /* CameraPreviewLayer.swift in Sources */ = {isa = PBXBuildFile; fileRef = EC0A9CE8299E39D20019EF31 /* CameraPreviewLayer.swift */; };
		EC0A9CEB299E3B580019EF31 /* CameraDevice.swift in Sources */ = {isa = PBXBuildFile; fileRef = EC0A9CEA299E3B580019EF31 /* CameraDevice.swift */; };
		EC0A9CEE299E4DEF0019EF31 /* AsyncAlgorithms in Frameworks */ = {isa = PBXBuildFile; productRef = EC0A9CED299E4DEF0019EF31 /* AsyncAlgorithms */; };
		ECC07BEB299DE1BF0043E5B1 /* CaptureApp.swift in Sources */ = {isa = PBXBuildFile; fileRef = ECC07BEA299DE1BF0043E5B1 /* CaptureApp.swift */; };
		ECC07BEF299DE1C10043E5B1 /* Assets.xcassets in Resources */ = {isa = PBXBuildFile; fileRef = ECC07BEE299DE1C10043E5B1 /* Assets.xcassets */; };
		ECC07BF2299DE1C10043E5B1 /* Preview Assets.xcassets in Resources */ = {isa = PBXBuildFile; fileRef = ECC07BF1299DE1C10043E5B1 /* Preview Assets.xcassets */; };
		ECC07C02299DF2630043E5B1 /* CameraView.swift in Sources */ = {isa = PBXBuildFile; fileRef = ECC07C01299DF2630043E5B1 /* CameraView.swift */; };
		ECC07C04299DFAA50043E5B1 /* CameraError.swift in Sources */ = {isa = PBXBuildFile; fileRef = ECC07C03299DFAA50043E5B1 /* CameraError.swift */; };
		ECC07C06299E05C30043E5B1 /* CameraViewModel.swift in Sources */ = {isa = PBXBuildFile; fileRef = ECC07C05299E05C30043E5B1 /* CameraViewModel.swift */; };
		ECC07C08299E07DB0043E5B1 /* CameraService.swift in Sources */ = {isa = PBXBuildFile; fileRef = ECC07C07299E07DB0043E5B1 /* CameraService.swift */; };
		ECC07C0A299E0F650043E5B1 /* CameraDependency.swift in Sources */ = {isa = PBXBuildFile; fileRef = ECC07C09299E0F650043E5B1 /* CameraDependency.swift */; };
		ECC07C0C299E175B0043E5B1 /* CameraView+Alert.swift in Sources */ = {isa = PBXBuildFile; fileRef = ECC07C0B299E175B0043E5B1 /* CameraView+Alert.swift */; };
		ECC07C0F299E18E70043E5B1 /* View++.swift in Sources */ = {isa = PBXBuildFile; fileRef = ECC07C0E299E18E70043E5B1 /* View++.swift */; };
/* End PBXBuildFile section */

/* Begin PBXFileReference section */
		EC0A9CE8299E39D20019EF31 /* CameraPreviewLayer.swift */ = {isa = PBXFileReference; lastKnownFileType = sourcecode.swift; path = CameraPreviewLayer.swift; sourceTree = "<group>"; };
		EC0A9CEA299E3B580019EF31 /* CameraDevice.swift */ = {isa = PBXFileReference; lastKnownFileType = sourcecode.swift; path = CameraDevice.swift; sourceTree = "<group>"; };
		ECC07BE7299DE1BF0043E5B1 /* Capture.app */ = {isa = PBXFileReference; explicitFileType = wrapper.application; includeInIndex = 0; path = Capture.app; sourceTree = BUILT_PRODUCTS_DIR; };
		ECC07BEA299DE1BF0043E5B1 /* CaptureApp.swift */ = {isa = PBXFileReference; lastKnownFileType = sourcecode.swift; path = CaptureApp.swift; sourceTree = "<group>"; };
		ECC07BEE299DE1C10043E5B1 /* Assets.xcassets */ = {isa = PBXFileReference; lastKnownFileType = folder.assetcatalog; path = Assets.xcassets; sourceTree = "<group>"; };
		ECC07BF1299DE1C10043E5B1 /* Preview Assets.xcassets */ = {isa = PBXFileReference; lastKnownFileType = folder.assetcatalog; path = "Preview Assets.xcassets"; sourceTree = "<group>"; };
		ECC07C01299DF2630043E5B1 /* CameraView.swift */ = {isa = PBXFileReference; lastKnownFileType = sourcecode.swift; path = CameraView.swift; sourceTree = "<group>"; };
		ECC07C03299DFAA50043E5B1 /* CameraError.swift */ = {isa = PBXFileReference; lastKnownFileType = sourcecode.swift; path = CameraError.swift; sourceTree = "<group>"; };
		ECC07C05299E05C30043E5B1 /* CameraViewModel.swift */ = {isa = PBXFileReference; lastKnownFileType = sourcecode.swift; path = CameraViewModel.swift; sourceTree = "<group>"; };
		ECC07C07299E07DB0043E5B1 /* CameraService.swift */ = {isa = PBXFileReference; lastKnownFileType = sourcecode.swift; path = CameraService.swift; sourceTree = "<group>"; };
		ECC07C09299E0F650043E5B1 /* CameraDependency.swift */ = {isa = PBXFileReference; lastKnownFileType = sourcecode.swift; path = CameraDependency.swift; sourceTree = "<group>"; };
		ECC07C0B299E175B0043E5B1 /* CameraView+Alert.swift */ = {isa = PBXFileReference; lastKnownFileType = sourcecode.swift; path = "CameraView+Alert.swift"; sourceTree = "<group>"; };
		ECC07C0E299E18E70043E5B1 /* View++.swift */ = {isa = PBXFileReference; lastKnownFileType = sourcecode.swift; path = "View++.swift"; sourceTree = "<group>"; };
/* End PBXFileReference section */

/* Begin PBXFrameworksBuildPhase section */
		ECC07BE4299DE1BF0043E5B1 /* Frameworks */ = {
			isa = PBXFrameworksBuildPhase;
			buildActionMask = 2147483647;
			files = (
				EC0A9CEE299E4DEF0019EF31 /* AsyncAlgorithms in Frameworks */,
			);
			runOnlyForDeploymentPostprocessing = 0;
		};
/* End PBXFrameworksBuildPhase section */

/* Begin PBXGroup section */
		ECC07BDE299DE1BF0043E5B1 = {
			isa = PBXGroup;
			children = (
				ECC07BE9299DE1BF0043E5B1 /* Capture */,
				ECC07BE8299DE1BF0043E5B1 /* Products */,
			);
			sourceTree = "<group>";
		};
		ECC07BE8299DE1BF0043E5B1 /* Products */ = {
			isa = PBXGroup;
			children = (
				ECC07BE7299DE1BF0043E5B1 /* Capture.app */,
			);
			name = Products;
			sourceTree = "<group>";
		};
		ECC07BE9299DE1BF0043E5B1 /* Capture */ = {
			isa = PBXGroup;
			children = (
				ECC07C0D299E18DB0043E5B1 /* Extension */,
				ECC07BF8299DE89F0043E5B1 /* App */,
				ECC07BFA299DE8BD0043E5B1 /* Features */,
				ECC07BF0299DE1C10043E5B1 /* Preview Content */,
				ECC07BFB299DE8E50043E5B1 /* Resources */,
			);
			path = Capture;
			sourceTree = "<group>";
		};
		ECC07BF0299DE1C10043E5B1 /* Preview Content */ = {
			isa = PBXGroup;
			children = (
				ECC07BF1299DE1C10043E5B1 /* Preview Assets.xcassets */,
			);
			path = "Preview Content";
			sourceTree = "<group>";
		};
		ECC07BF8299DE89F0043E5B1 /* App */ = {
			isa = PBXGroup;
			children = (
				ECC07BEA299DE1BF0043E5B1 /* CaptureApp.swift */,
			);
			path = App;
			sourceTree = "<group>";
		};
		ECC07BF9299DE8AE0043E5B1 /* Camera */ = {
			isa = PBXGroup;
			children = (
				ECC07C01299DF2630043E5B1 /* CameraView.swift */,
				ECC07C03299DFAA50043E5B1 /* CameraError.swift */,
				ECC07C05299E05C30043E5B1 /* CameraViewModel.swift */,
				ECC07C07299E07DB0043E5B1 /* CameraService.swift */,
				ECC07C09299E0F650043E5B1 /* CameraDependency.swift */,
				ECC07C0B299E175B0043E5B1 /* CameraView+Alert.swift */,
				EC0A9CE8299E39D20019EF31 /* CameraPreviewLayer.swift */,
				EC0A9CEA299E3B580019EF31 /* CameraDevice.swift */,
			);
			path = Camera;
			sourceTree = "<group>";
		};
		ECC07BFA299DE8BD0043E5B1 /* Features */ = {
			isa = PBXGroup;
			children = (
				ECC07BF9299DE8AE0043E5B1 /* Camera */,
			);
			path = Features;
			sourceTree = "<group>";
		};
		ECC07BFB299DE8E50043E5B1 /* Resources */ = {
			isa = PBXGroup;
			children = (
				ECC07BEE299DE1C10043E5B1 /* Assets.xcassets */,
			);
			path = Resources;
			sourceTree = "<group>";
		};
		ECC07C0D299E18DB0043E5B1 /* Extension */ = {
			isa = PBXGroup;
			children = (
				ECC07C0E299E18E70043E5B1 /* View++.swift */,
			);
			path = Extension;
			sourceTree = "<group>";
		};
/* End PBXGroup section */

/* Begin PBXNativeTarget section */
		ECC07BE6299DE1BF0043E5B1 /* Capture */ = {
			isa = PBXNativeTarget;
			buildConfigurationList = ECC07BF5299DE1C10043E5B1 /* Build configuration list for PBXNativeTarget "Capture" */;
			buildPhases = (
				ECC07BE3299DE1BF0043E5B1 /* Sources */,
				ECC07BE4299DE1BF0043E5B1 /* Frameworks */,
				ECC07BE5299DE1BF0043E5B1 /* Resources */,
			);
			buildRules = (
			);
			dependencies = (
			);
			name = Capture;
			packageProductDependencies = (
				EC0A9CED299E4DEF0019EF31 /* AsyncAlgorithms */,
			);
			productName = Capture;
			productReference = ECC07BE7299DE1BF0043E5B1 /* Capture.app */;
			productType = "com.apple.product-type.application";
		};
/* End PBXNativeTarget section */

/* Begin PBXProject section */
		ECC07BDF299DE1BF0043E5B1 /* Project object */ = {
			isa = PBXProject;
			attributes = {
				BuildIndependentTargetsInParallel = 1;
				LastSwiftUpdateCheck = 1420;
				LastUpgradeCheck = 1420;
				TargetAttributes = {
					ECC07BE6299DE1BF0043E5B1 = {
						CreatedOnToolsVersion = 14.2;
					};
				};
			};
			buildConfigurationList = ECC07BE2299DE1BF0043E5B1 /* Build configuration list for PBXProject "Capture" */;
			compatibilityVersion = "Xcode 14.0";
			developmentRegion = en;
			hasScannedForEncodings = 0;
			knownRegions = (
				en,
				Base,
			);
			mainGroup = ECC07BDE299DE1BF0043E5B1;
			packageReferences = (
				EC0A9CEC299E4DEF0019EF31 /* XCRemoteSwiftPackageReference "swift-async-algorithms" */,
			);
			productRefGroup = ECC07BE8299DE1BF0043E5B1 /* Products */;
			projectDirPath = "";
			projectRoot = "";
			targets = (
				ECC07BE6299DE1BF0043E5B1 /* Capture */,
			);
		};
/* End PBXProject section */

/* Begin PBXResourcesBuildPhase section */
		ECC07BE5299DE1BF0043E5B1 /* Resources */ = {
			isa = PBXResourcesBuildPhase;
			buildActionMask = 2147483647;
			files = (
				ECC07BF2299DE1C10043E5B1 /* Preview Assets.xcassets in Resources */,
				ECC07BEF299DE1C10043E5B1 /* Assets.xcassets in Resources */,
			);
			runOnlyForDeploymentPostprocessing = 0;
		};
/* End PBXResourcesBuildPhase section */

/* Begin PBXSourcesBuildPhase section */
		ECC07BE3299DE1BF0043E5B1 /* Sources */ = {
			isa = PBXSourcesBuildPhase;
			buildActionMask = 2147483647;
			files = (
				EC0A9CE9299E39D20019EF31 /* CameraPreviewLayer.swift in Sources */,
				ECC07C0F299E18E70043E5B1 /* View++.swift in Sources */,
				ECC07C0C299E175B0043E5B1 /* CameraView+Alert.swift in Sources */,
				ECC07C02299DF2630043E5B1 /* CameraView.swift in Sources */,
				ECC07C08299E07DB0043E5B1 /* CameraService.swift in Sources */,
				ECC07BEB299DE1BF0043E5B1 /* CaptureApp.swift in Sources */,
				EC0A9CEB299E3B580019EF31 /* CameraDevice.swift in Sources */,
				ECC07C06299E05C30043E5B1 /* CameraViewModel.swift in Sources */,
				ECC07C04299DFAA50043E5B1 /* CameraError.swift in Sources */,
				ECC07C0A299E0F650043E5B1 /* CameraDependency.swift in Sources */,
			);
			runOnlyForDeploymentPostprocessing = 0;
		};
/* End PBXSourcesBuildPhase section */

/* Begin XCBuildConfiguration section */
		ECC07BF3299DE1C10043E5B1 /* Debug */ = {
			isa = XCBuildConfiguration;
			buildSettings = {
				ALWAYS_SEARCH_USER_PATHS = NO;
				CLANG_ANALYZER_NONNULL = YES;
				CLANG_ANALYZER_NUMBER_OBJECT_CONVERSION = YES_AGGRESSIVE;
				CLANG_CXX_LANGUAGE_STANDARD = "gnu++20";
				CLANG_ENABLE_MODULES = YES;
				CLANG_ENABLE_OBJC_ARC = YES;
				CLANG_ENABLE_OBJC_WEAK = YES;
				CLANG_WARN_BLOCK_CAPTURE_AUTORELEASING = YES;
				CLANG_WARN_BOOL_CONVERSION = YES;
				CLANG_WARN_COMMA = YES;
				CLANG_WARN_CONSTANT_CONVERSION = YES;
				CLANG_WARN_DEPRECATED_OBJC_IMPLEMENTATIONS = YES;
				CLANG_WARN_DIRECT_OBJC_ISA_USAGE = YES_ERROR;
				CLANG_WARN_DOCUMENTATION_COMMENTS = YES;
				CLANG_WARN_EMPTY_BODY = YES;
				CLANG_WARN_ENUM_CONVERSION = YES;
				CLANG_WARN_INFINITE_RECURSION = YES;
				CLANG_WARN_INT_CONVERSION = YES;
				CLANG_WARN_NON_LITERAL_NULL_CONVERSION = YES;
				CLANG_WARN_OBJC_IMPLICIT_RETAIN_SELF = YES;
				CLANG_WARN_OBJC_LITERAL_CONVERSION = YES;
				CLANG_WARN_OBJC_ROOT_CLASS = YES_ERROR;
				CLANG_WARN_QUOTED_INCLUDE_IN_FRAMEWORK_HEADER = YES;
				CLANG_WARN_RANGE_LOOP_ANALYSIS = YES;
				CLANG_WARN_STRICT_PROTOTYPES = YES;
				CLANG_WARN_SUSPICIOUS_MOVE = YES;
				CLANG_WARN_UNGUARDED_AVAILABILITY = YES_AGGRESSIVE;
				CLANG_WARN_UNREACHABLE_CODE = YES;
				CLANG_WARN__DUPLICATE_METHOD_MATCH = YES;
				COPY_PHASE_STRIP = NO;
				DEBUG_INFORMATION_FORMAT = dwarf;
				ENABLE_STRICT_OBJC_MSGSEND = YES;
				ENABLE_TESTABILITY = YES;
				GCC_C_LANGUAGE_STANDARD = gnu11;
				GCC_DYNAMIC_NO_PIC = NO;
				GCC_NO_COMMON_BLOCKS = YES;
				GCC_OPTIMIZATION_LEVEL = 0;
				GCC_PREPROCESSOR_DEFINITIONS = (
					"DEBUG=1",
					"$(inherited)",
				);
				GCC_WARN_64_TO_32_BIT_CONVERSION = YES;
				GCC_WARN_ABOUT_RETURN_TYPE = YES_ERROR;
				GCC_WARN_UNDECLARED_SELECTOR = YES;
				GCC_WARN_UNINITIALIZED_AUTOS = YES_AGGRESSIVE;
				GCC_WARN_UNUSED_FUNCTION = YES;
				GCC_WARN_UNUSED_VARIABLE = YES;
				IPHONEOS_DEPLOYMENT_TARGET = 16.2;
				MTL_ENABLE_DEBUG_INFO = INCLUDE_SOURCE;
				MTL_FAST_MATH = YES;
				ONLY_ACTIVE_ARCH = YES;
				SDKROOT = iphoneos;
				SWIFT_ACTIVE_COMPILATION_CONDITIONS = DEBUG;
				SWIFT_OPTIMIZATION_LEVEL = "-Onone";
			};
			name = Debug;
		};
		ECC07BF4299DE1C10043E5B1 /* Release */ = {
			isa = XCBuildConfiguration;
			buildSettings = {
				ALWAYS_SEARCH_USER_PATHS = NO;
				CLANG_ANALYZER_NONNULL = YES;
				CLANG_ANALYZER_NUMBER_OBJECT_CONVERSION = YES_AGGRESSIVE;
				CLANG_CXX_LANGUAGE_STANDARD = "gnu++20";
				CLANG_ENABLE_MODULES = YES;
				CLANG_ENABLE_OBJC_ARC = YES;
				CLANG_ENABLE_OBJC_WEAK = YES;
				CLANG_WARN_BLOCK_CAPTURE_AUTORELEASING = YES;
				CLANG_WARN_BOOL_CONVERSION = YES;
				CLANG_WARN_COMMA = YES;
				CLANG_WARN_CONSTANT_CONVERSION = YES;
				CLANG_WARN_DEPRECATED_OBJC_IMPLEMENTATIONS = YES;
				CLANG_WARN_DIRECT_OBJC_ISA_USAGE = YES_ERROR;
				CLANG_WARN_DOCUMENTATION_COMMENTS = YES;
				CLANG_WARN_EMPTY_BODY = YES;
				CLANG_WARN_ENUM_CONVERSION = YES;
				CLANG_WARN_INFINITE_RECURSION = YES;
				CLANG_WARN_INT_CONVERSION = YES;
				CLANG_WARN_NON_LITERAL_NULL_CONVERSION = YES;
				CLANG_WARN_OBJC_IMPLICIT_RETAIN_SELF = YES;
				CLANG_WARN_OBJC_LITERAL_CONVERSION = YES;
				CLANG_WARN_OBJC_ROOT_CLASS = YES_ERROR;
				CLANG_WARN_QUOTED_INCLUDE_IN_FRAMEWORK_HEADER = YES;
				CLANG_WARN_RANGE_LOOP_ANALYSIS = YES;
				CLANG_WARN_STRICT_PROTOTYPES = YES;
				CLANG_WARN_SUSPICIOUS_MOVE = YES;
				CLANG_WARN_UNGUARDED_AVAILABILITY = YES_AGGRESSIVE;
				CLANG_WARN_UNREACHABLE_CODE = YES;
				CLANG_WARN__DUPLICATE_METHOD_MATCH = YES;
				COPY_PHASE_STRIP = NO;
				DEBUG_INFORMATION_FORMAT = "dwarf-with-dsym";
				ENABLE_NS_ASSERTIONS = NO;
				ENABLE_STRICT_OBJC_MSGSEND = YES;
				GCC_C_LANGUAGE_STANDARD = gnu11;
				GCC_NO_COMMON_BLOCKS = YES;
				GCC_WARN_64_TO_32_BIT_CONVERSION = YES;
				GCC_WARN_ABOUT_RETURN_TYPE = YES_ERROR;
				GCC_WARN_UNDECLARED_SELECTOR = YES;
				GCC_WARN_UNINITIALIZED_AUTOS = YES_AGGRESSIVE;
				GCC_WARN_UNUSED_FUNCTION = YES;
				GCC_WARN_UNUSED_VARIABLE = YES;
				IPHONEOS_DEPLOYMENT_TARGET = 16.2;
				MTL_ENABLE_DEBUG_INFO = NO;
				MTL_FAST_MATH = YES;
				SDKROOT = iphoneos;
				SWIFT_COMPILATION_MODE = wholemodule;
				SWIFT_OPTIMIZATION_LEVEL = "-O";
				VALIDATE_PRODUCT = YES;
			};
			name = Release;
		};
		ECC07BF6299DE1C10043E5B1 /* Debug */ = {
			isa = XCBuildConfiguration;
			buildSettings = {
				ASSETCATALOG_COMPILER_APPICON_NAME = AppIcon;
				ASSETCATALOG_COMPILER_GLOBAL_ACCENT_COLOR_NAME = AccentColor;
				CODE_SIGN_STYLE = Automatic;
				CURRENT_PROJECT_VERSION = 1;
				DEVELOPMENT_ASSET_PATHS = "\"Capture/Preview Content\"";
				DEVELOPMENT_TEAM = 9TYSSFKV5U;
				ENABLE_PREVIEWS = YES;
				GENERATE_INFOPLIST_FILE = YES;
				INFOPLIST_KEY_NSCameraUsageDescription = "Capture requires the access to the camera to capture the moment around you.";
				INFOPLIST_KEY_UIApplicationSceneManifest_Generation = YES;
				INFOPLIST_KEY_UIApplicationSupportsIndirectInputEvents = YES;
				INFOPLIST_KEY_UILaunchScreen_Generation = YES;
				INFOPLIST_KEY_UISupportedInterfaceOrientations = UIInterfaceOrientationPortrait;
				LD_RUNPATH_SEARCH_PATHS = (
					"$(inherited)",
					"@executable_path/Frameworks",
				);
				MARKETING_VERSION = 1.0;
				PRODUCT_BUNDLE_IDENTIFIER = com.example.Capture;
				PRODUCT_NAME = "$(TARGET_NAME)";
				SWIFT_EMIT_LOC_STRINGS = YES;
				SWIFT_VERSION = 5.0;
				TARGETED_DEVICE_FAMILY = "1,2";
			};
			name = Debug;
		};
		ECC07BF7299DE1C10043E5B1 /* Release */ = {
			isa = XCBuildConfiguration;
			buildSettings = {
				ASSETCATALOG_COMPILER_APPICON_NAME = AppIcon;
				ASSETCATALOG_COMPILER_GLOBAL_ACCENT_COLOR_NAME = AccentColor;
				CODE_SIGN_STYLE = Automatic;
				CURRENT_PROJECT_VERSION = 1;
				DEVELOPMENT_ASSET_PATHS = "\"Capture/Preview Content\"";
				DEVELOPMENT_TEAM = 9TYSSFKV5U;
				ENABLE_PREVIEWS = YES;
				GENERATE_INFOPLIST_FILE = YES;
				INFOPLIST_KEY_NSCameraUsageDescription = "Capture requires the access to the camera to capture the moment around you.";
				INFOPLIST_KEY_UIApplicationSceneManifest_Generation = YES;
				INFOPLIST_KEY_UIApplicationSupportsIndirectInputEvents = YES;
				INFOPLIST_KEY_UILaunchScreen_Generation = YES;
				INFOPLIST_KEY_UISupportedInterfaceOrientations = UIInterfaceOrientationPortrait;
				LD_RUNPATH_SEARCH_PATHS = (
					"$(inherited)",
					"@executable_path/Frameworks",
				);
				MARKETING_VERSION = 1.0;
				PRODUCT_BUNDLE_IDENTIFIER = com.example.Capture;
				PRODUCT_NAME = "$(TARGET_NAME)";
				SWIFT_EMIT_LOC_STRINGS = YES;
				SWIFT_VERSION = 5.0;
				TARGETED_DEVICE_FAMILY = "1,2";
			};
			name = Release;
		};
/* End XCBuildConfiguration section */

/* Begin XCConfigurationList section */
		ECC07BE2299DE1BF0043E5B1 /* Build configuration list for PBXProject "Capture" */ = {
			isa = XCConfigurationList;
			buildConfigurations = (
				ECC07BF3299DE1C10043E5B1 /* Debug */,
				ECC07BF4299DE1C10043E5B1 /* Release */,
			);
			defaultConfigurationIsVisible = 0;
			defaultConfigurationName = Release;
		};
		ECC07BF5299DE1C10043E5B1 /* Build configuration list for PBXNativeTarget "Capture" */ = {
			isa = XCConfigurationList;
			buildConfigurations = (
				ECC07BF6299DE1C10043E5B1 /* Debug */,
				ECC07BF7299DE1C10043E5B1 /* Release */,
			);
			defaultConfigurationIsVisible = 0;
			defaultConfigurationName = Release;
		};
/* End XCConfigurationList section */

/* Begin XCRemoteSwiftPackageReference section */
		EC0A9CEC299E4DEF0019EF31 /* XCRemoteSwiftPackageReference "swift-async-algorithms" */ = {
			isa = XCRemoteSwiftPackageReference;
			repositoryURL = "https://github.com/apple/swift-async-algorithms.git";
			requirement = {
				kind = upToNextMajorVersion;
				minimumVersion = 0.1.0;
			};
		};
/* End XCRemoteSwiftPackageReference section */

/* Begin XCSwiftPackageProductDependency section */
		EC0A9CED299E4DEF0019EF31 /* AsyncAlgorithms */ = {
			isa = XCSwiftPackageProductDependency;
			package = EC0A9CEC299E4DEF0019EF31 /* XCRemoteSwiftPackageReference "swift-async-algorithms" */;
			productName = AsyncAlgorithms;
		};
/* End XCSwiftPackageProductDependency section */
	};
	rootObject = ECC07BDF299DE1BF0043E5B1 /* Project object */;
}
